
Microsoft Visual Studio Solution File, Format Version 12.00
# Visual Studio Version 17
VisualStudioVersion = 17.9.34728.123
MinimumVisualStudioVersion = 10.0.40219.1
Project("{9A19103F-16F7-4668-BE54-9A1E7A4F7556}") = "MVC_Day2", "MVC_Day2.csproj", "{6E3C38FF-C461-4348-9984-8FCB7F7F2F8E}"
EndProject
Global
	GlobalSection(SolutionConfigurationPlatforms) = preSolution
		Debug|Any CPU = Debug|Any CPU
		Release|Any CPU = Release|Any CPU
	EndGlobalSection
	GlobalSection(ProjectConfigurationPlatforms) = postSolution
		{6E3C38FF-C461-4348-9984-8FCB7F7F2F8E}.Debug|Any CPU.ActiveCfg = Debug|Any CPU
		{6E3C38FF-C461-4348-9984-8FCB7F7F2F8E}.Debug|Any CPU.Build.0 = Debug|Any CPU
		{6E3C38FF-C461-4348-9984-8FCB7F7F2F8E}.Release|Any CPU.ActiveCfg = Release|Any CPU
		{6E3C38FF-C461-4348-9984-8FCB7F7F2F8E}.Release|Any CPU.Build.0 = Release|Any CPU
	EndGlobalSection
	GlobalSection(SolutionProperties) = preSolution
		HideSolutionNode = FALSE
	EndGlobalSection
	GlobalSection(ExtensibilityGlobals) = postSolution
		SolutionGuid = {953BC866-5300-4B32-A034-FF6562F1597C}
	EndGlobalSection
EndGlobal
